
Microsoft Visual Studio Solution File, Format Version 12.00
# Visual Studio Version 17
VisualStudioVersion = 17.4.33403.182
MinimumVisualStudioVersion = 10.0.40219.1
Project("{FAE04EC0-301F-11D3-BF4B-00C04F79EFBC}") = "AudioPlayer", "AudioPlayer\AudioPlayer.csproj", "{9A636CB9-6AEC-4BD4-AFAA-DF4CA7771796}"
EndProject
Global
	GlobalSection(SolutionConfigurationPlatforms) = preSolution
		Debug|Any CPU = Debug|Any CPU
		Release|Any CPU = Release|Any CPU
	EndGlobalSection
	GlobalSection(ProjectConfigurationPlatforms) = postSolution
		{9A636CB9-6AEC-4BD4-AFAA-DF4CA7771796}.Debug|Any CPU.ActiveCfg = Debug|Any CPU
		{9A636CB9-6AEC-4BD4-AFAA-DF4CA7771796}.Debug|Any CPU.Build.0 = Debug|Any CPU
		{9A636CB9-6AEC-4BD4-AFAA-DF4CA7771796}.Release|Any CPU.ActiveCfg = Release|Any CPU
		{9A636CB9-6AEC-4BD4-AFAA-DF4CA7771796}.Release|Any CPU.Build.0 = Release|Any CPU
	EndGlobalSection
	GlobalSection(SolutionProperties) = preSolution
		HideSolutionNode = FALSE
	EndGlobalSection
	GlobalSection(ExtensibilityGlobals) = postSolution
		SolutionGuid = {21C44E8C-87EA-40AA-AF38-1BDBF89D7201}
	EndGlobalSection
EndGlobal
